github.com/google/uuid v1.3.0 h1:t6JiXgmwXMjEs8VusXIJk2BXHsn+wx8BZdTaoZ5fu7I=
github.com/google/uuid v1.3.0/go.mod h1:TIyPZe4MgqvfeYDBFedMoGGpEw/LqOeaOT+nhxU+yHo=
github.com/lazybark/go-helpers v1.3.0 h1:x6kS0km/6IxkW3Xa7hh0/Hisvfpt31r3uT2r2+a492g=
github.com/lazybark/go-helpers v1.3.0/go.mod h1:bMwDjPrCvWWa4ZfyFA2EdoG4p7b3HElnG7wZ68N9Aq4=
